{
    "_meta": {
        "hash": {
            "sha256": "151b04ec45e54dfa6e084f710fbdea8e9f6a42fbaa7ec33600648e02a5669ccf"
        },
        "host-environment-markers": {
            "implementation_name": "cpython",
            "implementation_version": "0",
            "os_name": "posix",
            "platform_machine": "x86_64",
            "platform_python_implementation": "CPython",
            "platform_release": "16.7.0",
            "platform_system": "Darwin",
            "platform_version": "Darwin Kernel Version 16.7.0: Wed Oct  4 00:17:00 PDT 2017; root:xnu-3789.71.6~1/RELEASE_X86_64",
            "python_full_version": "2.7.10",
            "python_version": "2.7",
            "sys_platform": "darwin"
        },
        "pipfile-spec": 6,
        "requires": {},
        "sources": [
            {
                "name": "pypi",
                "url": "https://pypi.python.org/simple",
                "verify_ssl": true
            }
        ]
    },
    "default": {
        "asn1crypto": {
            "hashes": [],
            "version": "==0.24.0"
        },
        "azure-common": {
            "hashes": [],
            "version": "==1.1.9"
        },
        "azure-nspkg": {
            "hashes": [],
            "version": "==2.0.0"
        },
        "azure-storage-blob": {
            "hashes": [],
            "version": "==1.1.0"
        },
        "azure-storage-common": {
            "hashes": [],
            "version": "==1.1.0"
        },
        "azure-storage-nspkg": {
            "hashes": [],
            "version": "==3.0.0"
        },
        "backports.shutil-get-terminal-size": {
            "hashes": [],
            "version": "==1.0.0"
        },
        "certifi": {
            "hashes": [],
            "version": "==2018.1.18"
        },
        "cffi": {
            "hashes": [],
            "markers": "platform_python_implementation != 'PyPy'",
            "version": "==1.11.5"
        },
        "chardet": {
            "hashes": [],
            "version": "==3.0.4"
        },
        "configparser": {
            "hashes": [],
            "version": "==3.5.0"
        },
        "cryptography": {
            "hashes": [],
            "version": "==2.2.2"
        },
        "dj-database-url": {
            "hashes": [],
            "version": "==0.4.2"
        },
        "django": {
            "hashes": [],
            "version": "==1.11.10"
        },
        "django-bootstrap3": {
            "hashes": [],
            "version": "==9.1.0"
        },
        "django-filter": {
            "hashes": [],
            "version": "==1.1.0"
        },
        "django-jquery": {
            "hashes": [],
            "version": "==3.1.0"
        },
        "djangorestframework": {
            "hashes": [],
            "version": "==3.7.7"
        },
        "enum34": {
            "hashes": [],
            "version": "==1.1.6"
        },
        "flake8": {
            "hashes": [],
            "version": "==3.5.0"
        },
        "futures": {
            "hashes": [],
            "markers": "python_version < '3.0'",
            "version": "==3.2.0"
        },
        "gunicorn": {
            "hashes": [],
            "version": "==19.7.1"
        },
        "idna": {
            "hashes": [],
            "version": "==2.6"
        },
        "ipaddress": {
            "hashes": [],
            "markers": "python_version < '3'",
            "version": "==1.0.19"
        },
        "mccabe": {
            "hashes": [],
            "version": "==0.6.1"
        },
        "pathlib": {
            "hashes": [],
            "version": "==1.0.1"
        },
        "pew": {
            "hashes": [],
            "version": "==1.1.2"
        },
        "pillow": {
            "hashes": [],
            "version": "==5.0.0"
        },
        "pipenv": {
            "hashes": [],
            "version": "==9.0.3"
        },
        "psutil": {
            "hashes": [],
            "version": "==5.3.1"
        },
        "psycopg2": {
            "hashes": [],
            "version": "==2.7.3.2"
        },
        "pycodestyle": {
            "hashes": [],
            "version": "==2.3.1"
        },
        "pycparser": {
            "hashes": [],
            "version": "==2.18"
        },
        "pyflakes": {
            "hashes": [],
            "version": "==1.6.0"
        },
        "python-dateutil": {
            "hashes": [],
            "version": "==2.7.2"
        },
        "python-decouple": {
            "hashes": [],
            "version": "==3.1"
        },
        "pytz": {
            "hashes": [],
            "version": "==2017.3"
        },
        "requests": {
            "hashes": [],
            "version": "==2.18.4"
        },
        "shutilwhich": {
            "hashes": [],
            "version": "==1.1.0"
        },
        "six": {
            "hashes": [],
            "version": "==1.11.0"
        },
        "urllib3": {
            "hashes": [],
            "version": "==1.22"
        },
        "virtualenv": {
            "hashes": [],
            "version": "==15.1.0"
        },
        "virtualenv-clone": {
            "hashes": [],
            "version": "==0.2.6"
        },
        "whitenoise": {
            "hashes": [],
            "version": "==3.3.1"
        }
    },
    "develop": {}
}
